// !$*UTF8*$!
{
	archiveVersion = 1;
	classes = {
	};
	objectVersion = 50;
	objects = {

/* Begin PBXBuildFile section */
		429600042111ACB700E15A74 /* reviewSwiftUITests.swift in Sources */ = {isa = PBXBuildFile; fileRef = 429600032111ACB700E15A74 /* reviewSwiftUITests.swift */; };
		4296FFE42111ACB100E15A74 /* AppDelegate.swift in Sources */ = {isa = PBXBuildFile; fileRef = 4296FFE32111ACB100E15A74 /* AppDelegate.swift */; };
		4296FFE62111ACB100E15A74 /* ViewController.swift in Sources */ = {isa = PBXBuildFile; fileRef = 4296FFE52111ACB100E15A74 /* ViewController.swift */; };
		4296FFE92111ACB100E15A74 /* Main.storyboard in Resources */ = {isa = PBXBuildFile; fileRef = 4296FFE72111ACB100E15A74 /* Main.storyboard */; };
		4296FFEB2111ACB700E15A74 /* Assets.xcassets in Resources */ = {isa = PBXBuildFile; fileRef = 4296FFEA2111ACB700E15A74 /* Assets.xcassets */; };
		4296FFEE2111ACB700E15A74 /* LaunchScreen.storyboard in Resources */ = {isa = PBXBuildFile; fileRef = 4296FFEC2111ACB700E15A74 /* LaunchScreen.storyboard */; };
		4296FFF92111ACB700E15A74 /* reviewSwiftTests.swift in Sources */ = {isa = PBXBuildFile; fileRef = 4296FFF82111ACB700E15A74 /* reviewSwiftTests.swift */; };
/* End PBXBuildFile section */

/* Begin PBXContainerItemProxy section */
		429600002111ACB700E15A74 /* PBXContainerItemProxy */ = {
			isa = PBXContainerItemProxy;
			containerPortal = 4296FFD82111ACB100E15A74 /* Project object */;
			proxyType = 1;
			remoteGlobalIDString = 4296FFDF2111ACB100E15A74;
			remoteInfo = reviewSwift;
		};
		4296FFF52111ACB700E15A74 /* PBXContainerItemProxy */ = {
			isa = PBXContainerItemProxy;
			containerPortal = 4296FFD82111ACB100E15A74 /* Project object */;
			proxyType = 1;
			remoteGlobalIDString = 4296FFDF2111ACB100E15A74;
			remoteInfo = reviewSwift;
		};
/* End PBXContainerItemProxy section */

/* Begin PBXFileReference section */
		429600032111ACB700E15A74 /* reviewSwiftUITests.swift */ = {isa = PBXFileReference; lastKnownFileType = sourcecode.swift; path = reviewSwiftUITests.swift; sourceTree = "<group>"; };
		429600052111ACB700E15A74 /* Info.plist */ = {isa = PBXFileReference; lastKnownFileType = text.plist.xml; path = Info.plist; sourceTree = "<group>"; };
		4296FFE02111ACB100E15A74 /* reviewSwift.app */ = {isa = PBXFileReference; explicitFileType = wrapper.application; includeInIndex = 0; path = reviewSwift.app; sourceTree = BUILT_PRODUCTS_DIR; };
		4296FFE32111ACB100E15A74 /* AppDelegate.swift */ = {isa = PBXFileReference; lastKnownFileType = sourcecode.swift; path = AppDelegate.swift; sourceTree = "<group>"; };
		4296FFE52111ACB100E15A74 /* ViewController.swift */ = {isa = PBXFileReference; lastKnownFileType = sourcecode.swift; path = ViewController.swift; sourceTree = "<group>"; };
		4296FFE82111ACB100E15A74 /* Base */ = {isa = PBXFileReference; lastKnownFileType = file.storyboard; name = Base; path = Base.lproj/Main.storyboard; sourceTree = "<group>"; };
		4296FFEA2111ACB700E15A74 /* Assets.xcassets */ = {isa = PBXFileReference; lastKnownFileType = folder.assetcatalog; path = Assets.xcassets; sourceTree = "<group>"; };
		4296FFED2111ACB700E15A74 /* Base */ = {isa = PBXFileReference; lastKnownFileType = file.storyboard; name = Base; path = Base.lproj/LaunchScreen.storyboard; sourceTree = "<group>"; };
		4296FFEF2111ACB700E15A74 /* Info.plist */ = {isa = PBXFileReference; lastKnownFileType = text.plist.xml; path = Info.plist; sourceTree = "<group>"; };
		4296FFF42111ACB700E15A74 /* reviewSwiftTests.xctest */ = {isa = PBXFileReference; explicitFileType = wrapper.cfbundle; includeInIndex = 0; path = reviewSwiftTests.xctest; sourceTree = BUILT_PRODUCTS_DIR; };
		4296FFF82111ACB700E15A74 /* reviewSwiftTests.swift */ = {isa = PBXFileReference; lastKnownFileType = sourcecode.swift; path = reviewSwiftTests.swift; sourceTree = "<group>"; };
		4296FFFA2111ACB700E15A74 /* Info.plist */ = {isa = PBXFileReference; lastKnownFileType = text.plist.xml; path = Info.plist; sourceTree = "<group>"; };
		4296FFFF2111ACB700E15A74 /* reviewSwiftUITests.xctest */ = {isa = PBXFileReference; explicitFileType = wrapper.cfbundle; includeInIndex = 0; path = reviewSwiftUITests.xctest; sourceTree = BUILT_PRODUCTS_DIR; };
/* End PBXFileReference section */

/* Begin PBXFrameworksBuildPhase section */
		4296FFDD2111ACB100E15A74 /* Frameworks */ = {
			isa = PBXFrameworksBuildPhase;
			buildActionMask = 2147483647;
			files = (
			);
			runOnlyForDeploymentPostprocessing = 0;
		};
		4296FFF12111ACB700E15A74 /* Frameworks */ = {
			isa = PBXFrameworksBuildPhase;
			buildActionMask = 2147483647;
			files = (
			);
			runOnlyForDeploymentPostprocessing = 0;
		};
		4296FFFC2111ACB700E15A74 /* Frameworks */ = {
			isa = PBXFrameworksBuildPhase;
			buildActionMask = 2147483647;
			files = (
			);
			runOnlyForDeploymentPostprocessing = 0;
		};
/* End PBXFrameworksBuildPhase section */

/* Begin PBXGroup section */
		429600022111ACB700E15A74 /* reviewSwiftUITests */ = {
			isa = PBXGroup;
			children = (
				429600032111ACB700E15A74 /* reviewSwiftUITests.swift */,
				429600052111ACB700E15A74 /* Info.plist */,
			);
			path = reviewSwiftUITests;
			sourceTree = "<group>";
		};
		4296FFD72111ACB100E15A74 = {
			isa = PBXGroup;
			children = (
				4296FFE22111ACB100E15A74 /* reviewSwift */,
				4296FFF72111ACB700E15A74 /* reviewSwiftTests */,
				429600022111ACB700E15A74 /* reviewSwiftUITests */,
				4296FFE12111ACB100E15A74 /* Products */,
			);
			sourceTree = "<group>";
		};
		4296FFE12111ACB100E15A74 /* Products */ = {
			isa = PBXGroup;
			children = (
				4296FFE02111ACB100E15A74 /* reviewSwift.app */,
				4296FFF42111ACB700E15A74 /* reviewSwiftTests.xctest */,
				4296FFFF2111ACB700E15A74 /* reviewSwiftUITests.xctest */,
			);
			name = Products;
			sourceTree = "<group>";
		};
		4296FFE22111ACB100E15A74 /* reviewSwift */ = {
			isa = PBXGroup;
			children = (
				4296FFE32111ACB100E15A74 /* AppDelegate.swift */,
				4296FFE52111ACB100E15A74 /* ViewController.swift */,
				4296FFE72111ACB100E15A74 /* Main.storyboard */,
				4296FFEA2111ACB700E15A74 /* Assets.xcassets */,
				4296FFEC2111ACB700E15A74 /* LaunchScreen.storyboard */,
				4296FFEF2111ACB700E15A74 /* Info.plist */,
			);
			path = reviewSwift;
			sourceTree = "<group>";
		};
		4296FFF72111ACB700E15A74 /* reviewSwiftTests */ = {
			isa = PBXGroup;
			children = (
				4296FFF82111ACB700E15A74 /* reviewSwiftTests.swift */,
				4296FFFA2111ACB700E15A74 /* Info.plist */,
			);
			path = reviewSwiftTests;
			sourceTree = "<group>";
		};
/* End PBXGroup section */

/* Begin PBXNativeTarget section */
		4296FFDF2111ACB100E15A74 /* reviewSwift */ = {
			isa = PBXNativeTarget;
			buildConfigurationList = 429600082111ACB700E15A74 /* Build configuration list for PBXNativeTarget "reviewSwift" */;
			buildPhases = (
				4296FFDC2111ACB100E15A74 /* Sources */,
				4296FFDD2111ACB100E15A74 /* Frameworks */,
				4296FFDE2111ACB100E15A74 /* Resources */,
			);
			buildRules = (
			);
			dependencies = (
			);
			name = reviewSwift;
			productName = reviewSwift;
			productReference = 4296FFE02111ACB100E15A74 /* reviewSwift.app */;
			productType = "com.apple.product-type.application";
		};
		4296FFF32111ACB700E15A74 /* reviewSwiftTests */ = {
			isa = PBXNativeTarget;
			buildConfigurationList = 4296000B2111ACB700E15A74 /* Build configuration list for PBXNativeTarget "reviewSwiftTests" */;
			buildPhases = (
				4296FFF02111ACB700E15A74 /* Sources */,
				4296FFF12111ACB700E15A74 /* Frameworks */,
				4296FFF22111ACB700E15A74 /* Resources */,
			);
			buildRules = (
			);
			dependencies = (
				4296FFF62111ACB700E15A74 /* PBXTargetDependency */,
			);
			name = reviewSwiftTests;
			productName = reviewSwiftTests;
			productReference = 4296FFF42111ACB700E15A74 /* reviewSwiftTests.xctest */;
			productType = "com.apple.product-type.bundle.unit-test";
		};
		4296FFFE2111ACB700E15A74 /* reviewSwiftUITests */ = {
			isa = PBXNativeTarget;
			buildConfigurationList = 4296000E2111ACB700E15A74 /* Build configuration list for PBXNativeTarget "reviewSwiftUITests" */;
			buildPhases = (
				4296FFFB2111ACB700E15A74 /* Sources */,
				4296FFFC2111ACB700E15A74 /* Frameworks */,
				4296FFFD2111ACB700E15A74 /* Resources */,
			);
			buildRules = (
			);
			dependencies = (
				429600012111ACB700E15A74 /* PBXTargetDependency */,
			);
			name = reviewSwiftUITests;
			productName = reviewSwiftUITests;
			productReference = 4296FFFF2111ACB700E15A74 /* reviewSwiftUITests.xctest */;
			productType = "com.apple.product-type.bundle.ui-testing";
		};
/* End PBXNativeTarget section */

/* Begin PBXProject section */
		4296FFD82111ACB100E15A74 /* Project object */ = {
			isa = PBXProject;
			attributes = {
				LastSwiftUpdateCheck = 0940;
				LastUpgradeCheck = 0940;
				ORGANIZATIONNAME = LisacoOno;
				TargetAttributes = {
					4296FFDF2111ACB100E15A74 = {
						CreatedOnToolsVersion = 9.4.1;
					};
					4296FFF32111ACB700E15A74 = {
						CreatedOnToolsVersion = 9.4.1;
						TestTargetID = 4296FFDF2111ACB100E15A74;
					};
					4296FFFE2111ACB700E15A74 = {
						CreatedOnToolsVersion = 9.4.1;
						TestTargetID = 4296FFDF2111ACB100E15A74;
					};
				};
			};
			buildConfigurationList = 4296FFDB2111ACB100E15A74 /* Build configuration list for PBXProject "reviewSwift" */;
			compatibilityVersion = "Xcode 9.3";
			developmentRegion = en;
			hasScannedForEncodings = 0;
			knownRegions = (
				en,
				Base,
			);
			mainGroup = 4296FFD72111ACB100E15A74;
			productRefGroup = 4296FFE12111ACB100E15A74 /* Products */;
			projectDirPath = "";
			projectRoot = "";
			targets = (
				4296FFDF2111ACB100E15A74 /* reviewSwift */,
				4296FFF32111ACB700E15A74 /* reviewSwiftTests */,
				4296FFFE2111ACB700E15A74 /* reviewSwiftUITests */,
			);
		};
/* End PBXProject section */

/* Begin PBXResourcesBuildPhase section */
		4296FFDE2111ACB100E15A74 /* Resources */ = {
			isa = PBXResourcesBuildPhase;
			buildActionMask = 2147483647;
			files = (
				4296FFEE2111ACB700E15A74 /* LaunchScreen.storyboard in Resources */,
				4296FFEB2111ACB700E15A74 /* Assets.xcassets in Resources */,
				4296FFE92111ACB100E15A74 /* Main.storyboard in Resources */,
			);
			runOnlyForDeploymentPostprocessing = 0;
		};
		4296FFF22111ACB700E15A74 /* Resources */ = {
			isa = PBXResourcesBuildPhase;
			buildActionMask = 2147483647;
			files = (
			);
			runOnlyForDeploymentPostprocessing = 0;
		};
		4296FFFD2111ACB700E15A74 /* Resources */ = {
			isa = PBXResourcesBuildPhase;
			buildActionMask = 2147483647;
			files = (
			);
			runOnlyForDeploymentPostprocessing = 0;
		};
/* End PBXResourcesBuildPhase section */

/* Begin PBXSourcesBuildPhase section */
		4296FFDC2111ACB100E15A74 /* Sources */ = {
			isa = PBXSourcesBuildPhase;
			buildActionMask = 2147483647;
			files = (
				4296FFE62111ACB100E15A74 /* ViewController.swift in Sources */,
				4296FFE42111ACB100E15A74 /* AppDelegate.swift in Sources */,
			);
			runOnlyForDeploymentPostprocessing = 0;
		};
		4296FFF02111ACB700E15A74 /* Sources */ = {
			isa = PBXSourcesBuildPhase;
			buildActionMask = 2147483647;
			files = (
				4296FFF92111ACB700E15A74 /* reviewSwiftTests.swift in Sources */,
			);
			runOnlyForDeploymentPostprocessing = 0;
		};
		4296FFFB2111ACB700E15A74 /* Sources */ = {
			isa = PBXSourcesBuildPhase;
			buildActionMask = 2147483647;
			files = (
				429600042111ACB700E15A74 /* reviewSwiftUITests.swift in Sources */,
			);
			runOnlyForDeploymentPostprocessing = 0;
		};
/* End PBXSourcesBuildPhase section */

/* Begin PBXTargetDependency section */
		429600012111ACB700E15A74 /* PBXTargetDependency */ = {
			isa = PBXTargetDependency;
			target = 4296FFDF2111ACB100E15A74 /* reviewSwift */;
			targetProxy = 429600002111ACB700E15A74 /* PBXContainerItemProxy */;
		};
		4296FFF62111ACB700E15A74 /* PBXTargetDependency */ = {
			isa = PBXTargetDependency;
			target = 4296FFDF2111ACB100E15A74 /* reviewSwift */;
			targetProxy = 4296FFF52111ACB700E15A74 /* PBXContainerItemProxy */;
		};
/* End PBXTargetDependency section */

/* Begin PBXVariantGroup section */
		4296FFE72111ACB100E15A74 /* Main.storyboard */ = {
			isa = PBXVariantGroup;
			children = (
				4296FFE82111ACB100E15A74 /* Base */,
			);
			name = Main.storyboard;
			sourceTree = "<group>";
		};
		4296FFEC2111ACB700E15A74 /* LaunchScreen.storyboard */ = {
			isa = PBXVariantGroup;
			children = (
				4296FFED2111ACB700E15A74 /* Base */,
			);
			name = LaunchScreen.storyboard;
			sourceTree = "<group>";
		};
/* End PBXVariantGroup section */

/* Begin XCBuildConfiguration section */
		429600062111ACB700E15A74 /* Debug */ = {
			isa = XCBuildConfiguration;
			buildSettings = {
				ALWAYS_SEARCH_USER_PATHS = NO;
				CLANG_ANALYZER_NONNULL = YES;
				CLANG_ANALYZER_NUMBER_OBJECT_CONVERSION = YES_AGGRESSIVE;
				CLANG_CXX_LANGUAGE_STANDARD = "gnu++14";
				CLANG_CXX_LIBRARY = "libc++";
				CLANG_ENABLE_MODULES = YES;
				CLANG_ENABLE_OBJC_ARC = YES;
				CLANG_ENABLE_OBJC_WEAK = YES;
				CLANG_WARN_BLOCK_CAPTURE_AUTORELEASING = YES;
				CLANG_WARN_BOOL_CONVERSION = YES;
				CLANG_WARN_COMMA = YES;
				CLANG_WARN_CONSTANT_CONVERSION = YES;
				CLANG_WARN_DEPRECATED_OBJC_IMPLEMENTATIONS = YES;
				CLANG_WARN_DIRECT_OBJC_ISA_USAGE = YES_ERROR;
				CLANG_WARN_DOCUMENTATION_COMMENTS = YES;
				CLANG_WARN_EMPTY_BODY = YES;
				CLANG_WARN_ENUM_CONVERSION = YES;
				CLANG_WARN_INFINITE_RECURSION = YES;
				CLANG_WARN_INT_CONVERSION = YES;
				CLANG_WARN_NON_LITERAL_NULL_CONVERSION = YES;
				CLANG_WARN_OBJC_IMPLICIT_RETAIN_SELF = YES;
				CLANG_WARN_OBJC_LITERAL_CONVERSION = YES;
				CLANG_WARN_OBJC_ROOT_CLASS = YES_ERROR;
				CLANG_WARN_RANGE_LOOP_ANALYSIS = YES;
				CLANG_WARN_STRICT_PROTOTYPES = YES;
				CLANG_WARN_SUSPICIOUS_MOVE = YES;
				CLANG_WARN_UNGUARDED_AVAILABILITY = YES_AGGRESSIVE;
				CLANG_WARN_UNREACHABLE_CODE = YES;
				CLANG_WARN__DUPLICATE_METHOD_MATCH = YES;
				CODE_SIGN_IDENTITY = "iPhone Developer";
				COPY_PHASE_STRIP = NO;
				DEBUG_INFORMATION_FORMAT = dwarf;
				ENABLE_STRICT_OBJC_MSGSEND = YES;
				ENABLE_TESTABILITY = YES;
				GCC_C_LANGUAGE_STANDARD = gnu11;
				GCC_DYNAMIC_NO_PIC = NO;
				GCC_NO_COMMON_BLOCKS = YES;
				GCC_OPTIMIZATION_LEVEL = 0;
				GCC_PREPROCESSOR_DEFINITIONS = (
					"DEBUG=1",
					"$(inherited)",
				);
				GCC_WARN_64_TO_32_BIT_CONVERSION = YES;
				GCC_WARN_ABOUT_RETURN_TYPE = YES_ERROR;
				GCC_WARN_UNDECLARED_SELECTOR = YES;
				GCC_WARN_UNINITIALIZED_AUTOS = YES_AGGRESSIVE;
				GCC_WARN_UNUSED_FUNCTION = YES;
				GCC_WARN_UNUSED_VARIABLE = YES;
				IPHONEOS_DEPLOYMENT_TARGET = 11.4;
				MTL_ENABLE_DEBUG_INFO = YES;
				ONLY_ACTIVE_ARCH = YES;
				SDKROOT = iphoneos;
				SWIFT_ACTIVE_COMPILATION_CONDITIONS = DEBUG;
				SWIFT_OPTIMIZATION_LEVEL = "-Onone";
			};
			name = Debug;
		};
		429600072111ACB700E15A74 /* Release */ = {
			isa = XCBuildConfiguration;
			buildSettings = {
				ALWAYS_SEARCH_USER_PATHS = NO;
				CLANG_ANALYZER_NONNULL = YES;
				CLANG_ANALYZER_NUMBER_OBJECT_CONVERSION = YES_AGGRESSIVE;
				CLANG_CXX_LANGUAGE_STANDARD = "gnu++14";
				CLANG_CXX_LIBRARY = "libc++";
				CLANG_ENABLE_MODULES = YES;
				CLANG_ENABLE_OBJC_ARC = YES;
				CLANG_ENABLE_OBJC_WEAK = YES;
				CLANG_WARN_BLOCK_CAPTURE_AUTORELEASING = YES;
				CLANG_WARN_BOOL_CONVERSION = YES;
				CLANG_WARN_COMMA = YES;
				CLANG_WARN_CONSTANT_CONVERSION = YES;
				CLANG_WARN_DEPRECATED_OBJC_IMPLEMENTATIONS = YES;
				CLANG_WARN_DIRECT_OBJC_ISA_USAGE = YES_ERROR;
				CLANG_WARN_DOCUMENTATION_COMMENTS = YES;
				CLANG_WARN_EMPTY_BODY = YES;
				CLANG_WARN_ENUM_CONVERSION = YES;
				CLANG_WARN_INFINITE_RECURSION = YES;
				CLANG_WARN_INT_CONVERSION = YES;
				CLANG_WARN_NON_LITERAL_NULL_CONVERSION = YES;
				CLANG_WARN_OBJC_IMPLICIT_RETAIN_SELF = YES;
				CLANG_WARN_OBJC_LITERAL_CONVERSION = YES;
				CLANG_WARN_OBJC_ROOT_CLASS = YES_ERROR;
				CLANG_WARN_RANGE_LOOP_ANALYSIS = YES;
				CLANG_WARN_STRICT_PROTOTYPES = YES;
				CLANG_WARN_SUSPICIOUS_MOVE = YES;
				CLANG_WARN_UNGUARDED_AVAILABILITY = YES_AGGRESSIVE;
				CLANG_WARN_UNREACHABLE_CODE = YES;
				CLANG_WARN__DUPLICATE_METHOD_MATCH = YES;
				CODE_SIGN_IDENTITY = "iPhone Developer";
				COPY_PHASE_STRIP = NO;
				DEBUG_INFORMATION_FORMAT = "dwarf-with-dsym";
				ENABLE_NS_ASSERTIONS = NO;
				ENABLE_STRICT_OBJC_MSGSEND = YES;
				GCC_C_LANGUAGE_STANDARD = gnu11;
				GCC_NO_COMMON_BLOCKS = YES;
				GCC_WARN_64_TO_32_BIT_CONVERSION = YES;
				GCC_WARN_ABOUT_RETURN_TYPE = YES_ERROR;
				GCC_WARN_UNDECLARED_SELECTOR = YES;
				GCC_WARN_UNINITIALIZED_AUTOS = YES_AGGRESSIVE;
				GCC_WARN_UNUSED_FUNCTION = YES;
				GCC_WARN_UNUSED_VARIABLE = YES;
				IPHONEOS_DEPLOYMENT_TARGET = 11.4;
				MTL_ENABLE_DEBUG_INFO = NO;
				SDKROOT = iphoneos;
				SWIFT_COMPILATION_MODE = wholemodule;
				SWIFT_OPTIMIZATION_LEVEL = "-O";
				VALIDATE_PRODUCT = YES;
			};
			name = Release;
		};
		429600092111ACB700E15A74 /* Debug */ = {
			isa = XCBuildConfiguration;
			buildSettings = {
				ASSETCATALOG_COMPILER_APPICON_NAME = AppIcon;
				CODE_SIGN_STYLE = Automatic;
				INFOPLIST_FILE = reviewSwift/Info.plist;
				LD_RUNPATH_SEARCH_PATHS = (
					"$(inherited)",
					"@executable_path/Frameworks",
				);
				PRODUCT_BUNDLE_IDENTIFIER = LisacoOno.reviewSwift;
				PRODUCT_NAME = "$(TARGET_NAME)";
				SWIFT_VERSION = 4.0;
				TARGETED_DEVICE_FAMILY = "1,2";
			};
			name = Debug;
		};
		4296000A2111ACB700E15A74 /* Release */ = {
			isa = XCBuildConfiguration;
			buildSettings = {
				ASSETCATALOG_COMPILER_APPICON_NAME = AppIcon;
				CODE_SIGN_STYLE = Automatic;
				INFOPLIST_FILE = reviewSwift/Info.plist;
				LD_RUNPATH_SEARCH_PATHS = (
					"$(inherited)",
					"@executable_path/Frameworks",
				);
				PRODUCT_BUNDLE_IDENTIFIER = LisacoOno.reviewSwift;
				PRODUCT_NAME = "$(TARGET_NAME)";
				SWIFT_VERSION = 4.0;
				TARGETED_DEVICE_FAMILY = "1,2";
			};
			name = Release;
		};
		4296000C2111ACB700E15A74 /* Debug */ = {
			isa = XCBuildConfiguration;
			buildSettings = {
				ALWAYS_EMBED_SWIFT_STANDARD_LIBRARIES = YES;
				BUNDLE_LOADER = "$(TEST_HOST)";
				CODE_SIGN_STYLE = Automatic;
				INFOPLIST_FILE = reviewSwiftTests/Info.plist;
				LD_RUNPATH_SEARCH_PATHS = (
					"$(inherited)",
					"@executable_path/Frameworks",
					"@loader_path/Frameworks",
				);
				PRODUCT_BUNDLE_IDENTIFIER = LisacoOno.reviewSwiftTests;
				PRODUCT_NAME = "$(TARGET_NAME)";
				SWIFT_VERSION = 4.0;
				TARGETED_DEVICE_FAMILY = "1,2";
				TEST_HOST = "$(BUILT_PRODUCTS_DIR)/reviewSwift.app/reviewSwift";
			};
			name = Debug;
		};
		4296000D2111ACB700E15A74 /* Release */ = {
			isa = XCBuildConfiguration;
			buildSettings = {
				ALWAYS_EMBED_SWIFT_STANDARD_LIBRARIES = YES;
				BUNDLE_LOADER = "$(TEST_HOST)";
				CODE_SIGN_STYLE = Automatic;
				INFOPLIST_FILE = reviewSwiftTests/Info.plist;
				LD_RUNPATH_SEARCH_PATHS = (
					"$(inherited)",
					"@executable_path/Frameworks",
					"@loader_path/Frameworks",
				);
				PRODUCT_BUNDLE_IDENTIFIER = LisacoOno.reviewSwiftTests;
				PRODUCT_NAME = "$(TARGET_NAME)";
				SWIFT_VERSION = 4.0;
				TARGETED_DEVICE_FAMILY = "1,2";
				TEST_HOST = "$(BUILT_PRODUCTS_DIR)/reviewSwift.app/reviewSwift";
			};
			name = Release;
		};
		4296000F2111ACB700E15A74 /* Debug */ = {
			isa = XCBuildConfiguration;
			buildSettings = {
				ALWAYS_EMBED_SWIFT_STANDARD_LIBRARIES = YES;
				CODE_SIGN_STYLE = Automatic;
				INFOPLIST_FILE = reviewSwiftUITests/Info.plist;
				LD_RUNPATH_SEARCH_PATHS = (
					"$(inherited)",
					"@executable_path/Frameworks",
					"@loader_path/Frameworks",
				);
				PRODUCT_BUNDLE_IDENTIFIER = LisacoOno.reviewSwiftUITests;
				PRODUCT_NAME = "$(TARGET_NAME)";
				SWIFT_VERSION = 4.0;
				TARGETED_DEVICE_FAMILY = "1,2";
				TEST_TARGET_NAME = reviewSwift;
			};
			name = Debug;
		};
		429600102111ACB700E15A74 /* Release */ = {
			isa = XCBuildConfiguration;
			buildSettings = {
				ALWAYS_EMBED_SWIFT_STANDARD_LIBRARIES = YES;
				CODE_SIGN_STYLE = Automatic;
				INFOPLIST_FILE = reviewSwiftUITests/Info.plist;
				LD_RUNPATH_SEARCH_PATHS = (
					"$(inherited)",
					"@executable_path/Frameworks",
					"@loader_path/Frameworks",
				);
				PRODUCT_BUNDLE_IDENTIFIER = LisacoOno.reviewSwiftUITests;
				PRODUCT_NAME = "$(TARGET_NAME)";
				SWIFT_VERSION = 4.0;
				TARGETED_DEVICE_FAMILY = "1,2";
				TEST_TARGET_NAME = reviewSwift;
			};
			name = Release;
		};
/* End XCBuildConfiguration section */

/* Begin XCConfigurationList section */
		429600082111ACB700E15A74 /* Build configuration list for PBXNativeTarget "reviewSwift" */ = {
			isa = XCConfigurationList;
			buildConfigurations = (
				429600092111ACB700E15A74 /* Debug */,
				4296000A2111ACB700E15A74 /* Release */,
			);
			defaultConfigurationIsVisible = 0;
			defaultConfigurationName = Release;
		};
		4296000B2111ACB700E15A74 /* Build configuration list for PBXNativeTarget "reviewSwiftTests" */ = {
			isa = XCConfigurationList;
			buildConfigurations = (
				4296000C2111ACB700E15A74 /* Debug */,
				4296000D2111ACB700E15A74 /* Release */,
			);
			defaultConfigurationIsVisible = 0;
			defaultConfigurationName = Release;
		};
		4296000E2111ACB700E15A74 /* Build configuration list for PBXNativeTarget "reviewSwiftUITests" */ = {
			isa = XCConfigurationList;
			buildConfigurations = (
				4296000F2111ACB700E15A74 /* Debug */,
				429600102111ACB700E15A74 /* Release */,
			);
			defaultConfigurationIsVisible = 0;
			defaultConfigurationName = Release;
		};
		4296FFDB2111ACB100E15A74 /* Build configuration list for PBXProject "reviewSwift" */ = {
			isa = XCConfigurationList;
			buildConfigurations = (
				429600062111ACB700E15A74 /* Debug */,
				429600072111ACB700E15A74 /* Release */,
			);
			defaultConfigurationIsVisible = 0;
			defaultConfigurationName = Release;
		};
/* End XCConfigurationList section */
	};
	rootObject = 4296FFD82111ACB100E15A74 /* Project object */;
}
